<?xml version="1.0" encoding="utf-8"?>
<Project ToolsVersion="4.0" xmlns="http://schemas.microsoft.com/developer/msbuild/2003">
  <ItemGroup>
    <Filter Include="Source Files">
      <UniqueIdentifier>{4FC737F1-C7A5-4376-A066-2A32D752A2FF}</UniqueIdentifier>
      <Extensions>cpp;c;cc;cxx;c++;cppm;ixx;def;odl;idl;hpj;bat;asm;asmx</Extensions>
    </Filter>
    <Filter Include="Header Files">
      <UniqueIdentifier>{93995380-89BD-4b04-88EB-625FBE52EBFB}</UniqueIdentifier>
      <Extensions>h;hh;hpp;hxx;h++;hm;inl;inc;ipp;xsd</Extensions>
    </Filter>
    <Filter Include="Resource Files">
      <UniqueIdentifier>{67DA6AB6-F800-4c08-8B7A-83BB121AAD01}</UniqueIdentifier>
      <Extensions>rc;ico;cur;bmp;dlg;rc2;rct;bin;rgs;gif;jpg;jpeg;jpe;resx;tiff;tif;png;wav;mfcribbon-ms</Extensions>
    </Filter>
  </ItemGroup>
  <ItemGroup>
    <ClCompile Include="src\main.cpp">
      <Filter>Source Files</Filter>
    </ClCompile>
    <ClCompile Include="src\console.cpp">
      <Filter>Source Files</Filter>
    </ClCompile>
    <ClCompile Include="src\game.cpp">
      <Filter>Source Files</Filter>
    </ClCompile>
    <ClCompile Include="src\network.cpp">
      <Filter>Source Files</Filter>
    </ClCompile>
    <ClCompile Include="src\opponent.cpp">
      <Filter>Source Files</Filter>
    </ClCompile>
    <ClCompile Include="src\player.cpp">
      <Filter>Source Files</Filter>
    </ClCompile>
    <ClCompile Include="src\state.cpp">
      <Filter>Source Files</Filter>
    </ClCompile>
    <ClCompile Include="src\character-select-state.cpp">
      <Filter>Source Files</Filter>
    </ClCompile>
    <ClCompile Include="src\match-state.cpp">
      <Filter>Source Files</Filter>
    </ClCompile>
    <ClCompile Include="src\selector.cpp">
      <Filter>Source Files</Filter>
    </ClCompile>
    <ClCompile Include="src\controls.cpp">
      <Filter>Source Files</Filter>
    </ClCompile>
  </ItemGroup>
  <ItemGroup>
    <ClInclude Include="src\include\console.h">
      <Filter>Header Files</Filter>
    </ClInclude>
    <ClInclude Include="src\include\game.h">
      <Filter>Header Files</Filter>
    </ClInclude>
    <ClInclude Include="src\include\network.h">
      <Filter>Header Files</Filter>
    </ClInclude>
    <ClInclude Include="src\include\opponent.h">
      <Filter>Header Files</Filter>
    </ClInclude>
    <ClInclude Include="src\include\player.h">
      <Filter>Header Files</Filter>
    </ClInclude>
    <ClInclude Include="src\include\state.h">
      <Filter>Header Files</Filter>
    </ClInclude>
    <ClInclude Include="src\include\character.h">
      <Filter>Header Files</Filter>
    </ClInclude>
    <ClInclude Include="src\include\selector.h">
      <Filter>Header Files</Filter>
    </ClInclude>
    <ClInclude Include="src\include\controls.h">
      <Filter>Header Files</Filter>
    </ClInclude>
    <ClInclude Include="src\include\entity.h">
      <Filter>Header Files</Filter>
    </ClInclude>
    <ClInclude Include="src\include\action.h">
      <Filter>Header Files</Filter>
    </ClInclude>
    <ClInclude Include="src\include\stage.h">
      <Filter>Header Files</Filter>
    </ClInclude>
  </ItemGroup>
  <ItemGroup>
    <Font Include="src\fonts\arial.ttf" />
  </ItemGroup>
  <ItemGroup>
    <Text Include="src\config.txt" />
  </ItemGroup>
</Project>